// !$*UTF8*$!
{
	archiveVersion = 1;
	classes = {
	};
	objectVersion = 50;
	objects = {

/* Begin PBXBuildFile section */
		BC97F26C238A457A005B5646 /* AppDelegate.m in Sources */ = {isa = PBXBuildFile; fileRef = BC97F26B238A457A005B5646 /* AppDelegate.m */; };
		BC97F272238A457A005B5646 /* ViewController.m in Sources */ = {isa = PBXBuildFile; fileRef = BC97F271238A457A005B5646 /* ViewController.m */; };
		BC97F275238A457A005B5646 /* Main.storyboard in Resources */ = {isa = PBXBuildFile; fileRef = BC97F273238A457A005B5646 /* Main.storyboard */; };
		BC97F277238A457B005B5646 /* Assets.xcassets in Resources */ = {isa = PBXBuildFile; fileRef = BC97F276238A457B005B5646 /* Assets.xcassets */; };
		BC97F27A238A457B005B5646 /* LaunchScreen.storyboard in Resources */ = {isa = PBXBuildFile; fileRef = BC97F278238A457B005B5646 /* LaunchScreen.storyboard */; };
		BC97F27D238A457B005B5646 /* main.m in Sources */ = {isa = PBXBuildFile; fileRef = BC97F27C238A457B005B5646 /* main.m */; };
		BCF5DC6D24BF0641000FD79F /* Fetcher.m in Sources */ = {isa = PBXBuildFile; fileRef = BCF5DC6C24BF0641000FD79F /* Fetcher.m */; };
		BCF5DC7024BF075A000FD79F /* Arranger.m in Sources */ = {isa = PBXBuildFile; fileRef = BCF5DC6F24BF075A000FD79F /* Arranger.m */; };
/* End PBXBuildFile section */

/* Begin PBXFileReference section */
		BC97F267238A457A005B5646 /* WechatPublicAccountFetcher.app */ = {isa = PBXFileReference; explicitFileType = wrapper.application; includeInIndex = 0; path = WechatPublicAccountFetcher.app; sourceTree = BUILT_PRODUCTS_DIR; };
		BC97F26A238A457A005B5646 /* AppDelegate.h */ = {isa = PBXFileReference; lastKnownFileType = sourcecode.c.h; path = AppDelegate.h; sourceTree = "<group>"; };
		BC97F26B238A457A005B5646 /* AppDelegate.m */ = {isa = PBXFileReference; lastKnownFileType = sourcecode.c.objc; path = AppDelegate.m; sourceTree = "<group>"; };
		BC97F270238A457A005B5646 /* ViewController.h */ = {isa = PBXFileReference; lastKnownFileType = sourcecode.c.h; path = ViewController.h; sourceTree = "<group>"; };
		BC97F271238A457A005B5646 /* ViewController.m */ = {isa = PBXFileReference; lastKnownFileType = sourcecode.c.objc; path = ViewController.m; sourceTree = "<group>"; };
		BC97F274238A457A005B5646 /* Base */ = {isa = PBXFileReference; lastKnownFileType = file.storyboard; name = Base; path = Base.lproj/Main.storyboard; sourceTree = "<group>"; };
		BC97F276238A457B005B5646 /* Assets.xcassets */ = {isa = PBXFileReference; lastKnownFileType = folder.assetcatalog; path = Assets.xcassets; sourceTree = "<group>"; };
		BC97F279238A457B005B5646 /* Base */ = {isa = PBXFileReference; lastKnownFileType = file.storyboard; name = Base; path = Base.lproj/LaunchScreen.storyboard; sourceTree = "<group>"; };
		BC97F27B238A457B005B5646 /* Info.plist */ = {isa = PBXFileReference; lastKnownFileType = text.plist.xml; path = Info.plist; sourceTree = "<group>"; };
		BC97F27C238A457B005B5646 /* main.m */ = {isa = PBXFileReference; lastKnownFileType = sourcecode.c.objc; path = main.m; sourceTree = "<group>"; };
		BCF5DC6B24BF0641000FD79F /* Fetcher.h */ = {isa = PBXFileReference; lastKnownFileType = sourcecode.c.h; path = Fetcher.h; sourceTree = "<group>"; };
		BCF5DC6C24BF0641000FD79F /* Fetcher.m */ = {isa = PBXFileReference; lastKnownFileType = sourcecode.c.objc; path = Fetcher.m; sourceTree = "<group>"; };
		BCF5DC6E24BF075A000FD79F /* Arranger.h */ = {isa = PBXFileReference; lastKnownFileType = sourcecode.c.h; path = Arranger.h; sourceTree = "<group>"; };
		BCF5DC6F24BF075A000FD79F /* Arranger.m */ = {isa = PBXFileReference; lastKnownFileType = sourcecode.c.objc; path = Arranger.m; sourceTree = "<group>"; };
/* End PBXFileReference section */

/* Begin PBXFrameworksBuildPhase section */
		BC97F264238A457A005B5646 /* Frameworks */ = {
			isa = PBXFrameworksBuildPhase;
			buildActionMask = 2147483647;
			files = (
			);
			runOnlyForDeploymentPostprocessing = 0;
		};
/* End PBXFrameworksBuildPhase section */

/* Begin PBXGroup section */
		BC97F25E238A4579005B5646 = {
			isa = PBXGroup;
			children = (
				BC97F269238A457A005B5646 /* WechatPublicAccountFetcher */,
				BC97F268238A457A005B5646 /* Products */,
			);
			sourceTree = "<group>";
		};
		BC97F268238A457A005B5646 /* Products */ = {
			isa = PBXGroup;
			children = (
				BC97F267238A457A005B5646 /* WechatPublicAccountFetcher.app */,
			);
			name = Products;
			sourceTree = "<group>";
		};
		BC97F269238A457A005B5646 /* WechatPublicAccountFetcher */ = {
			isa = PBXGroup;
			children = (
				BC97F26A238A457A005B5646 /* AppDelegate.h */,
				BC97F26B238A457A005B5646 /* AppDelegate.m */,
				BC97F270238A457A005B5646 /* ViewController.h */,
				BC97F271238A457A005B5646 /* ViewController.m */,
				BCF5DC6B24BF0641000FD79F /* Fetcher.h */,
				BCF5DC6C24BF0641000FD79F /* Fetcher.m */,
				BCF5DC6E24BF075A000FD79F /* Arranger.h */,
				BCF5DC6F24BF075A000FD79F /* Arranger.m */,
				BC97F273238A457A005B5646 /* Main.storyboard */,
				BC97F276238A457B005B5646 /* Assets.xcassets */,
				BC97F278238A457B005B5646 /* LaunchScreen.storyboard */,
				BC97F27B238A457B005B5646 /* Info.plist */,
				BC97F27C238A457B005B5646 /* main.m */,
			);
			path = WechatPublicAccountFetcher;
			sourceTree = "<group>";
		};
/* End PBXGroup section */

/* Begin PBXNativeTarget section */
		BC97F266238A457A005B5646 /* WechatPublicAccountFetcher */ = {
			isa = PBXNativeTarget;
			buildConfigurationList = BC97F280238A457B005B5646 /* Build configuration list for PBXNativeTarget "WechatPublicAccountFetcher" */;
			buildPhases = (
				BC97F263238A457A005B5646 /* Sources */,
				BC97F264238A457A005B5646 /* Frameworks */,
				BC97F265238A457A005B5646 /* Resources */,
			);
			buildRules = (
			);
			dependencies = (
			);
			name = WechatPublicAccountFetcher;
			productName = WechatPublicAccountFetcher;
			productReference = BC97F267238A457A005B5646 /* WechatPublicAccountFetcher.app */;
			productType = "com.apple.product-type.application";
		};
/* End PBXNativeTarget section */

/* Begin PBXProject section */
		BC97F25F238A4579005B5646 /* Project object */ = {
			isa = PBXProject;
			attributes = {
				LastUpgradeCheck = 1120;
				ORGANIZATIONNAME = "马岩";
				TargetAttributes = {
					BC97F266238A457A005B5646 = {
						CreatedOnToolsVersion = 11.2.1;
					};
				};
			};
			buildConfigurationList = BC97F262238A4579005B5646 /* Build configuration list for PBXProject "WechatPublicAccountFetcher" */;
			compatibilityVersion = "Xcode 9.3";
			developmentRegion = en;
			hasScannedForEncodings = 0;
			knownRegions = (
				en,
				Base,
			);
			mainGroup = BC97F25E238A4579005B5646;
			productRefGroup = BC97F268238A457A005B5646 /* Products */;
			projectDirPath = "";
			projectRoot = "";
			targets = (
				BC97F266238A457A005B5646 /* WechatPublicAccountFetcher */,
			);
		};
/* End PBXProject section */

/* Begin PBXResourcesBuildPhase section */
		BC97F265238A457A005B5646 /* Resources */ = {
			isa = PBXResourcesBuildPhase;
			buildActionMask = 2147483647;
			files = (
				BC97F27A238A457B005B5646 /* LaunchScreen.storyboard in Resources */,
				BC97F277238A457B005B5646 /* Assets.xcassets in Resources */,
				BC97F275238A457A005B5646 /* Main.storyboard in Resources */,
			);
			runOnlyForDeploymentPostprocessing = 0;
		};
/* End PBXResourcesBuildPhase section */

/* Begin PBXSourcesBuildPhase section */
		BC97F263238A457A005B5646 /* Sources */ = {
			isa = PBXSourcesBuildPhase;
			buildActionMask = 2147483647;
			files = (
				BC97F272238A457A005B5646 /* ViewController.m in Sources */,
				BCF5DC6D24BF0641000FD79F /* Fetcher.m in Sources */,
				BC97F26C238A457A005B5646 /* AppDelegate.m in Sources */,
				BC97F27D238A457B005B5646 /* main.m in Sources */,
				BCF5DC7024BF075A000FD79F /* Arranger.m in Sources */,
			);
			runOnlyForDeploymentPostprocessing = 0;
		};
/* End PBXSourcesBuildPhase section */

/* Begin PBXVariantGroup section */
		BC97F273238A457A005B5646 /* Main.storyboard */ = {
			isa = PBXVariantGroup;
			children = (
				BC97F274238A457A005B5646 /* Base */,
			);
			name = Main.storyboard;
			sourceTree = "<group>";
		};
		BC97F278238A457B005B5646 /* LaunchScreen.storyboard */ = {
			isa = PBXVariantGroup;
			children = (
				BC97F279238A457B005B5646 /* Base */,
			);
			name = LaunchScreen.storyboard;
			sourceTree = "<group>";
		};
/* End PBXVariantGroup section */

/* Begin XCBuildConfiguration section */
		BC97F27E238A457B005B5646 /* Debug */ = {
			isa = XCBuildConfiguration;
			buildSettings = {
				ALWAYS_SEARCH_USER_PATHS = NO;
				CLANG_ANALYZER_NONNULL = YES;
				CLANG_ANALYZER_NUMBER_OBJECT_CONVERSION = YES_AGGRESSIVE;
				CLANG_CXX_LANGUAGE_STANDARD = "gnu++14";
				CLANG_CXX_LIBRARY = "libc++";
				CLANG_ENABLE_MODULES = YES;
				CLANG_ENABLE_OBJC_ARC = YES;
				CLANG_ENABLE_OBJC_WEAK = YES;
				CLANG_WARN_BLOCK_CAPTURE_AUTORELEASING = YES;
				CLANG_WARN_BOOL_CONVERSION = YES;
				CLANG_WARN_COMMA = YES;
				CLANG_WARN_CONSTANT_CONVERSION = YES;
				CLANG_WARN_DEPRECATED_OBJC_IMPLEMENTATIONS = YES;
				CLANG_WARN_DIRECT_OBJC_ISA_USAGE = YES_ERROR;
				CLANG_WARN_DOCUMENTATION_COMMENTS = YES;
				CLANG_WARN_EMPTY_BODY = YES;
				CLANG_WARN_ENUM_CONVERSION = YES;
				CLANG_WARN_INFINITE_RECURSION = YES;
				CLANG_WARN_INT_CONVERSION = YES;
				CLANG_WARN_NON_LITERAL_NULL_CONVERSION = YES;
				CLANG_WARN_OBJC_IMPLICIT_RETAIN_SELF = YES;
				CLANG_WARN_OBJC_LITERAL_CONVERSION = YES;
				CLANG_WARN_OBJC_ROOT_CLASS = YES_ERROR;
				CLANG_WARN_RANGE_LOOP_ANALYSIS = YES;
				CLANG_WARN_STRICT_PROTOTYPES = YES;
				CLANG_WARN_SUSPICIOUS_MOVE = YES;
				CLANG_WARN_UNGUARDED_AVAILABILITY = YES_AGGRESSIVE;
				CLANG_WARN_UNREACHABLE_CODE = YES;
				CLANG_WARN__DUPLICATE_METHOD_MATCH = YES;
				COPY_PHASE_STRIP = NO;
				DEBUG_INFORMATION_FORMAT = dwarf;
				ENABLE_STRICT_OBJC_MSGSEND = YES;
				ENABLE_TESTABILITY = YES;
				GCC_C_LANGUAGE_STANDARD = gnu11;
				GCC_DYNAMIC_NO_PIC = NO;
				GCC_NO_COMMON_BLOCKS = YES;
				GCC_OPTIMIZATION_LEVEL = 0;
				GCC_PREPROCESSOR_DEFINITIONS = (
					"DEBUG=1",
					"$(inherited)",
				);
				GCC_WARN_64_TO_32_BIT_CONVERSION = YES;
				GCC_WARN_ABOUT_RETURN_TYPE = YES_ERROR;
				GCC_WARN_UNDECLARED_SELECTOR = YES;
				GCC_WARN_UNINITIALIZED_AUTOS = YES_AGGRESSIVE;
				GCC_WARN_UNUSED_FUNCTION = YES;
				GCC_WARN_UNUSED_VARIABLE = YES;
				IPHONEOS_DEPLOYMENT_TARGET = 13.2;
				MTL_ENABLE_DEBUG_INFO = INCLUDE_SOURCE;
				MTL_FAST_MATH = YES;
				ONLY_ACTIVE_ARCH = YES;
				SDKROOT = iphoneos;
			};
			name = Debug;
		};
		BC97F27F238A457B005B5646 /* Release */ = {
			isa = XCBuildConfiguration;
			buildSettings = {
				ALWAYS_SEARCH_USER_PATHS = NO;
				CLANG_ANALYZER_NONNULL = YES;
				CLANG_ANALYZER_NUMBER_OBJECT_CONVERSION = YES_AGGRESSIVE;
				CLANG_CXX_LANGUAGE_STANDARD = "gnu++14";
				CLANG_CXX_LIBRARY = "libc++";
				CLANG_ENABLE_MODULES = YES;
				CLANG_ENABLE_OBJC_ARC = YES;
				CLANG_ENABLE_OBJC_WEAK = YES;
				CLANG_WARN_BLOCK_CAPTURE_AUTORELEASING = YES;
				CLANG_WARN_BOOL_CONVERSION = YES;
				CLANG_WARN_COMMA = YES;
				CLANG_WARN_CONSTANT_CONVERSION = YES;
				CLANG_WARN_DEPRECATED_OBJC_IMPLEMENTATIONS = YES;
				CLANG_WARN_DIRECT_OBJC_ISA_USAGE = YES_ERROR;
				CLANG_WARN_DOCUMENTATION_COMMENTS = YES;
				CLANG_WARN_EMPTY_BODY = YES;
				CLANG_WARN_ENUM_CONVERSION = YES;
				CLANG_WARN_INFINITE_RECURSION = YES;
				CLANG_WARN_INT_CONVERSION = YES;
				CLANG_WARN_NON_LITERAL_NULL_CONVERSION = YES;
				CLANG_WARN_OBJC_IMPLICIT_RETAIN_SELF = YES;
				CLANG_WARN_OBJC_LITERAL_CONVERSION = YES;
				CLANG_WARN_OBJC_ROOT_CLASS = YES_ERROR;
				CLANG_WARN_RANGE_LOOP_ANALYSIS = YES;
				CLANG_WARN_STRICT_PROTOTYPES = YES;
				CLANG_WARN_SUSPICIOUS_MOVE = YES;
				CLANG_WARN_UNGUARDED_AVAILABILITY = YES_AGGRESSIVE;
				CLANG_WARN_UNREACHABLE_CODE = YES;
				CLANG_WARN__DUPLICATE_METHOD_MATCH = YES;
				COPY_PHASE_STRIP = NO;
				DEBUG_INFORMATION_FORMAT = "dwarf-with-dsym";
				ENABLE_NS_ASSERTIONS = NO;
				ENABLE_STRICT_OBJC_MSGSEND = YES;
				GCC_C_LANGUAGE_STANDARD = gnu11;
				GCC_NO_COMMON_BLOCKS = YES;
				GCC_WARN_64_TO_32_BIT_CONVERSION = YES;
				GCC_WARN_ABOUT_RETURN_TYPE = YES_ERROR;
				GCC_WARN_UNDECLARED_SELECTOR = YES;
				GCC_WARN_UNINITIALIZED_AUTOS = YES_AGGRESSIVE;
				GCC_WARN_UNUSED_FUNCTION = YES;
				GCC_WARN_UNUSED_VARIABLE = YES;
				IPHONEOS_DEPLOYMENT_TARGET = 13.2;
				MTL_ENABLE_DEBUG_INFO = NO;
				MTL_FAST_MATH = YES;
				SDKROOT = iphoneos;
				VALIDATE_PRODUCT = YES;
			};
			name = Release;
		};
		BC97F281238A457B005B5646 /* Debug */ = {
			isa = XCBuildConfiguration;
			buildSettings = {
				ASSETCATALOG_COMPILER_APPICON_NAME = AppIcon;
				CODE_SIGN_STYLE = Automatic;
				DEVELOPMENT_TEAM = AULC75KMVC;
				INFOPLIST_FILE = WechatPublicAccountFetcher/Info.plist;
				IPHONEOS_DEPLOYMENT_TARGET = 10.0;
				LD_RUNPATH_SEARCH_PATHS = (
					"$(inherited)",
					"@executable_path/Frameworks",
				);
				PRODUCT_BUNDLE_IDENTIFIER = mayan.WechatPublicAccountFetcher;
				PRODUCT_NAME = "$(TARGET_NAME)";
				TARGETED_DEVICE_FAMILY = "1,2";
			};
			name = Debug;
		};
		BC97F282238A457B005B5646 /* Release */ = {
			isa = XCBuildConfiguration;
			buildSettings = {
				ASSETCATALOG_COMPILER_APPICON_NAME = AppIcon;
				CODE_SIGN_STYLE = Automatic;
				DEVELOPMENT_TEAM = AULC75KMVC;
				INFOPLIST_FILE = WechatPublicAccountFetcher/Info.plist;
				IPHONEOS_DEPLOYMENT_TARGET = 10.0;
				LD_RUNPATH_SEARCH_PATHS = (
					"$(inherited)",
					"@executable_path/Frameworks",
				);
				PRODUCT_BUNDLE_IDENTIFIER = mayan.WechatPublicAccountFetcher;
				PRODUCT_NAME = "$(TARGET_NAME)";
				TARGETED_DEVICE_FAMILY = "1,2";
			};
			name = Release;
		};
/* End XCBuildConfiguration section */

/* Begin XCConfigurationList section */
		BC97F262238A4579005B5646 /* Build configuration list for PBXProject "WechatPublicAccountFetcher" */ = {
			isa = XCConfigurationList;
			buildConfigurations = (
				BC97F27E238A457B005B5646 /* Debug */,
				BC97F27F238A457B005B5646 /* Release */,
			);
			defaultConfigurationIsVisible = 0;
			defaultConfigurationName = Release;
		};
		BC97F280238A457B005B5646 /* Build configuration list for PBXNativeTarget "WechatPublicAccountFetcher" */ = {
			isa = XCConfigurationList;
			buildConfigurations = (
				BC97F281238A457B005B5646 /* Debug */,
				BC97F282238A457B005B5646 /* Release */,
			);
			defaultConfigurationIsVisible = 0;
			defaultConfigurationName = Release;
		};
/* End XCConfigurationList section */
	};
	rootObject = BC97F25F238A4579005B5646 /* Project object */;
}
